
Microsoft Visual Studio Solution File, Format Version 12.00
# Visual Studio Version 17
VisualStudioVersion = 17.10.35013.160
MinimumVisualStudioVersion = 10.0.40219.1
Project("{9A19103F-16F7-4668-BE54-9A1E7A4F7556}") = "WorkFlowWeb", "WorkFlowWeb.csproj", "{53600A77-2CFF-46D5-B8D5-85A40E959B86}"
EndProject
Project("{9A19103F-16F7-4668-BE54-9A1E7A4F7556}") = "WorkFlow.Data", "..\WorkFlow.Data\WorkFlow.Data.csproj", "{1D3CB83F-9BAD-4073-96D8-C44A6906E3C4}"
EndProject
Project("{9A19103F-16F7-4668-BE54-9A1E7A4F7556}") = "WorkFlow.Models", "..\WorkFlow.Models\WorkFlow.Models.csproj", "{DEC9F5FA-C1BF-4AFB-A5C2-5D2D9AADFB6A}"
EndProject
Project("{9A19103F-16F7-4668-BE54-9A1E7A4F7556}") = "WorkFlow.Utility", "..\WorkFlow.Utility\WorkFlow.Utility.csproj", "{52026A81-D451-4961-B70B-8683F6BBE2FA}"
EndProject
Project("{9A19103F-16F7-4668-BE54-9A1E7A4F7556}") = "WorkFlow.ViewModels", "..\WorkFlow.ViewModels\WorkFlow.ViewModels.csproj", "{27BFD067-0DE9-46CF-A29F-198BF884F19B}"
EndProject
Project("{9A19103F-16F7-4668-BE54-9A1E7A4F7556}") = "WorkFlow.Stores", "..\WorkFlow.Stores\WorkFlow.Stores.csproj", "{91F30DCE-B8E6-45D2-A9AF-DBB15D144FCC}"
EndProject
Global
	GlobalSection(SolutionConfigurationPlatforms) = preSolution
		Debug|Any CPU = Debug|Any CPU
		Release|Any CPU = Release|Any CPU
	EndGlobalSection
	GlobalSection(ProjectConfigurationPlatforms) = postSolution
		{53600A77-2CFF-46D5-B8D5-85A40E959B86}.Debug|Any CPU.ActiveCfg = Debug|Any CPU
		{53600A77-2CFF-46D5-B8D5-85A40E959B86}.Debug|Any CPU.Build.0 = Debug|Any CPU
		{53600A77-2CFF-46D5-B8D5-85A40E959B86}.Release|Any CPU.ActiveCfg = Release|Any CPU
		{53600A77-2CFF-46D5-B8D5-85A40E959B86}.Release|Any CPU.Build.0 = Release|Any CPU
		{1D3CB83F-9BAD-4073-96D8-C44A6906E3C4}.Debug|Any CPU.ActiveCfg = Debug|Any CPU
		{1D3CB83F-9BAD-4073-96D8-C44A6906E3C4}.Debug|Any CPU.Build.0 = Debug|Any CPU
		{1D3CB83F-9BAD-4073-96D8-C44A6906E3C4}.Release|Any CPU.ActiveCfg = Release|Any CPU
		{1D3CB83F-9BAD-4073-96D8-C44A6906E3C4}.Release|Any CPU.Build.0 = Release|Any CPU
		{DEC9F5FA-C1BF-4AFB-A5C2-5D2D9AADFB6A}.Debug|Any CPU.ActiveCfg = Debug|Any CPU
		{DEC9F5FA-C1BF-4AFB-A5C2-5D2D9AADFB6A}.Debug|Any CPU.Build.0 = Debug|Any CPU
		{DEC9F5FA-C1BF-4AFB-A5C2-5D2D9AADFB6A}.Release|Any CPU.ActiveCfg = Release|Any CPU
		{DEC9F5FA-C1BF-4AFB-A5C2-5D2D9AADFB6A}.Release|Any CPU.Build.0 = Release|Any CPU
		{52026A81-D451-4961-B70B-8683F6BBE2FA}.Debug|Any CPU.ActiveCfg = Debug|Any CPU
		{52026A81-D451-4961-B70B-8683F6BBE2FA}.Debug|Any CPU.Build.0 = Debug|Any CPU
		{52026A81-D451-4961-B70B-8683F6BBE2FA}.Release|Any CPU.ActiveCfg = Release|Any CPU
		{52026A81-D451-4961-B70B-8683F6BBE2FA}.Release|Any CPU.Build.0 = Release|Any CPU
		{27BFD067-0DE9-46CF-A29F-198BF884F19B}.Debug|Any CPU.ActiveCfg = Debug|Any CPU
		{27BFD067-0DE9-46CF-A29F-198BF884F19B}.Debug|Any CPU.Build.0 = Debug|Any CPU
		{27BFD067-0DE9-46CF-A29F-198BF884F19B}.Release|Any CPU.ActiveCfg = Release|Any CPU
		{27BFD067-0DE9-46CF-A29F-198BF884F19B}.Release|Any CPU.Build.0 = Release|Any CPU
		{91F30DCE-B8E6-45D2-A9AF-DBB15D144FCC}.Debug|Any CPU.ActiveCfg = Debug|Any CPU
		{91F30DCE-B8E6-45D2-A9AF-DBB15D144FCC}.Debug|Any CPU.Build.0 = Debug|Any CPU
		{91F30DCE-B8E6-45D2-A9AF-DBB15D144FCC}.Release|Any CPU.ActiveCfg = Release|Any CPU
		{91F30DCE-B8E6-45D2-A9AF-DBB15D144FCC}.Release|Any CPU.Build.0 = Release|Any CPU
	EndGlobalSection
	GlobalSection(SolutionProperties) = preSolution
		HideSolutionNode = FALSE
	EndGlobalSection
	GlobalSection(ExtensibilityGlobals) = postSolution
		SolutionGuid = {BB8211B5-D57C-4AC4-874F-9A1714AD023A}
	EndGlobalSection
EndGlobal
